// !$*UTF8*$!
{
	archiveVersion = 1;
	classes = {
	};
	objectVersion = 56;
	objects = {

/* Begin PBXBuildFile section */
		BD387FCD2A44C01C006F2883 /* kwkaboutmeApp.swift in Sources */ = {isa = PBXBuildFile; fileRef = BD387FCC2A44C01C006F2883 /* kwkaboutmeApp.swift */; };
		BD387FCF2A44C01C006F2883 /* ContentView.swift in Sources */ = {isa = PBXBuildFile; fileRef = BD387FCE2A44C01C006F2883 /* ContentView.swift */; };
		BD387FD12A44C01E006F2883 /* Assets.xcassets in Resources */ = {isa = PBXBuildFile; fileRef = BD387FD02A44C01E006F2883 /* Assets.xcassets */; };
		BD387FD42A44C01E006F2883 /* Preview Assets.xcassets in Resources */ = {isa = PBXBuildFile; fileRef = BD387FD32A44C01E006F2883 /* Preview Assets.xcassets */; };
		BD387FDE2A44C01E006F2883 /* kwkaboutmeTests.swift in Sources */ = {isa = PBXBuildFile; fileRef = BD387FDD2A44C01E006F2883 /* kwkaboutmeTests.swift */; };
		BD387FE82A44C01E006F2883 /* kwkaboutmeUITests.swift in Sources */ = {isa = PBXBuildFile; fileRef = BD387FE72A44C01E006F2883 /* kwkaboutmeUITests.swift */; };
		BD387FEA2A44C01E006F2883 /* kwkaboutmeUITestsLaunchTests.swift in Sources */ = {isa = PBXBuildFile; fileRef = BD387FE92A44C01E006F2883 /* kwkaboutmeUITestsLaunchTests.swift */; };
/* End PBXBuildFile section */

/* Begin PBXContainerItemProxy section */
		BD387FDA2A44C01E006F2883 /* PBXContainerItemProxy */ = {
			isa = PBXContainerItemProxy;
			containerPortal = BD387FC12A44C01C006F2883 /* Project object */;
			proxyType = 1;
			remoteGlobalIDString = BD387FC82A44C01C006F2883;
			remoteInfo = kwkaboutme;
		};
		BD387FE42A44C01E006F2883 /* PBXContainerItemProxy */ = {
			isa = PBXContainerItemProxy;
			containerPortal = BD387FC12A44C01C006F2883 /* Project object */;
			proxyType = 1;
			remoteGlobalIDString = BD387FC82A44C01C006F2883;
			remoteInfo = kwkaboutme;
		};
/* End PBXContainerItemProxy section */

/* Begin PBXFileReference section */
		BD387FC92A44C01C006F2883 /* kwkaboutme.app */ = {isa = PBXFileReference; explicitFileType = wrapper.application; includeInIndex = 0; path = kwkaboutme.app; sourceTree = BUILT_PRODUCTS_DIR; };
		BD387FCC2A44C01C006F2883 /* kwkaboutmeApp.swift */ = {isa = PBXFileReference; lastKnownFileType = sourcecode.swift; path = kwkaboutmeApp.swift; sourceTree = "<group>"; };
		BD387FCE2A44C01C006F2883 /* ContentView.swift */ = {isa = PBXFileReference; lastKnownFileType = sourcecode.swift; path = ContentView.swift; sourceTree = "<group>"; };
		BD387FD02A44C01E006F2883 /* Assets.xcassets */ = {isa = PBXFileReference; lastKnownFileType = folder.assetcatalog; path = Assets.xcassets; sourceTree = "<group>"; };
		BD387FD32A44C01E006F2883 /* Preview Assets.xcassets */ = {isa = PBXFileReference; lastKnownFileType = folder.assetcatalog; path = "Preview Assets.xcassets"; sourceTree = "<group>"; };
		BD387FD92A44C01E006F2883 /* kwkaboutmeTests.xctest */ = {isa = PBXFileReference; explicitFileType = wrapper.cfbundle; includeInIndex = 0; path = kwkaboutmeTests.xctest; sourceTree = BUILT_PRODUCTS_DIR; };
		BD387FDD2A44C01E006F2883 /* kwkaboutmeTests.swift */ = {isa = PBXFileReference; lastKnownFileType = sourcecode.swift; path = kwkaboutmeTests.swift; sourceTree = "<group>"; };
		BD387FE32A44C01E006F2883 /* kwkaboutmeUITests.xctest */ = {isa = PBXFileReference; explicitFileType = wrapper.cfbundle; includeInIndex = 0; path = kwkaboutmeUITests.xctest; sourceTree = BUILT_PRODUCTS_DIR; };
		BD387FE72A44C01E006F2883 /* kwkaboutmeUITests.swift */ = {isa = PBXFileReference; lastKnownFileType = sourcecode.swift; path = kwkaboutmeUITests.swift; sourceTree = "<group>"; };
		BD387FE92A44C01E006F2883 /* kwkaboutmeUITestsLaunchTests.swift */ = {isa = PBXFileReference; lastKnownFileType = sourcecode.swift; path = kwkaboutmeUITestsLaunchTests.swift; sourceTree = "<group>"; };
/* End PBXFileReference section */

/* Begin PBXFrameworksBuildPhase section */
		BD387FC62A44C01C006F2883 /* Frameworks */ = {
			isa = PBXFrameworksBuildPhase;
			buildActionMask = 2147483647;
			files = (
			);
			runOnlyForDeploymentPostprocessing = 0;
		};
		BD387FD62A44C01E006F2883 /* Frameworks */ = {
			isa = PBXFrameworksBuildPhase;
			buildActionMask = 2147483647;
			files = (
			);
			runOnlyForDeploymentPostprocessing = 0;
		};
		BD387FE02A44C01E006F2883 /* Frameworks */ = {
			isa = PBXFrameworksBuildPhase;
			buildActionMask = 2147483647;
			files = (
			);
			runOnlyForDeploymentPostprocessing = 0;
		};
/* End PBXFrameworksBuildPhase section */

/* Begin PBXGroup section */
		BD387FC02A44C01C006F2883 = {
			isa = PBXGroup;
			children = (
				BD387FCB2A44C01C006F2883 /* kwkaboutme */,
				BD387FDC2A44C01E006F2883 /* kwkaboutmeTests */,
				BD387FE62A44C01E006F2883 /* kwkaboutmeUITests */,
				BD387FCA2A44C01C006F2883 /* Products */,
			);
			sourceTree = "<group>";
		};
		BD387FCA2A44C01C006F2883 /* Products */ = {
			isa = PBXGroup;
			children = (
				BD387FC92A44C01C006F2883 /* kwkaboutme.app */,
				BD387FD92A44C01E006F2883 /* kwkaboutmeTests.xctest */,
				BD387FE32A44C01E006F2883 /* kwkaboutmeUITests.xctest */,
			);
			name = Products;
			sourceTree = "<group>";
		};
		BD387FCB2A44C01C006F2883 /* kwkaboutme */ = {
			isa = PBXGroup;
			children = (
				BD387FCC2A44C01C006F2883 /* kwkaboutmeApp.swift */,
				BD387FCE2A44C01C006F2883 /* ContentView.swift */,
				BD387FD02A44C01E006F2883 /* Assets.xcassets */,
				BD387FD22A44C01E006F2883 /* Preview Content */,
			);
			path = kwkaboutme;
			sourceTree = "<group>";
		};
		BD387FD22A44C01E006F2883 /* Preview Content */ = {
			isa = PBXGroup;
			children = (
				BD387FD32A44C01E006F2883 /* Preview Assets.xcassets */,
			);
			path = "Preview Content";
			sourceTree = "<group>";
		};
		BD387FDC2A44C01E006F2883 /* kwkaboutmeTests */ = {
			isa = PBXGroup;
			children = (
				BD387FDD2A44C01E006F2883 /* kwkaboutmeTests.swift */,
			);
			path = kwkaboutmeTests;
			sourceTree = "<group>";
		};
		BD387FE62A44C01E006F2883 /* kwkaboutmeUITests */ = {
			isa = PBXGroup;
			children = (
				BD387FE72A44C01E006F2883 /* kwkaboutmeUITests.swift */,
				BD387FE92A44C01E006F2883 /* kwkaboutmeUITestsLaunchTests.swift */,
			);
			path = kwkaboutmeUITests;
			sourceTree = "<group>";
		};
/* End PBXGroup section */

/* Begin PBXNativeTarget section */
		BD387FC82A44C01C006F2883 /* kwkaboutme */ = {
			isa = PBXNativeTarget;
			buildConfigurationList = BD387FED2A44C01E006F2883 /* Build configuration list for PBXNativeTarget "kwkaboutme" */;
			buildPhases = (
				BD387FC52A44C01C006F2883 /* Sources */,
				BD387FC62A44C01C006F2883 /* Frameworks */,
				BD387FC72A44C01C006F2883 /* Resources */,
			);
			buildRules = (
			);
			dependencies = (
			);
			name = kwkaboutme;
			productName = kwkaboutme;
			productReference = BD387FC92A44C01C006F2883 /* kwkaboutme.app */;
			productType = "com.apple.product-type.application";
		};
		BD387FD82A44C01E006F2883 /* kwkaboutmeTests */ = {
			isa = PBXNativeTarget;
			buildConfigurationList = BD387FF02A44C01E006F2883 /* Build configuration list for PBXNativeTarget "kwkaboutmeTests" */;
			buildPhases = (
				BD387FD52A44C01E006F2883 /* Sources */,
				BD387FD62A44C01E006F2883 /* Frameworks */,
				BD387FD72A44C01E006F2883 /* Resources */,
			);
			buildRules = (
			);
			dependencies = (
				BD387FDB2A44C01E006F2883 /* PBXTargetDependency */,
			);
			name = kwkaboutmeTests;
			productName = kwkaboutmeTests;
			productReference = BD387FD92A44C01E006F2883 /* kwkaboutmeTests.xctest */;
			productType = "com.apple.product-type.bundle.unit-test";
		};
		BD387FE22A44C01E006F2883 /* kwkaboutmeUITests */ = {
			isa = PBXNativeTarget;
			buildConfigurationList = BD387FF32A44C01E006F2883 /* Build configuration list for PBXNativeTarget "kwkaboutmeUITests" */;
			buildPhases = (
				BD387FDF2A44C01E006F2883 /* Sources */,
				BD387FE02A44C01E006F2883 /* Frameworks */,
				BD387FE12A44C01E006F2883 /* Resources */,
			);
			buildRules = (
			);
			dependencies = (
				BD387FE52A44C01E006F2883 /* PBXTargetDependency */,
			);
			name = kwkaboutmeUITests;
			productName = kwkaboutmeUITests;
			productReference = BD387FE32A44C01E006F2883 /* kwkaboutmeUITests.xctest */;
			productType = "com.apple.product-type.bundle.ui-testing";
		};
/* End PBXNativeTarget section */

/* Begin PBXProject section */
		BD387FC12A44C01C006F2883 /* Project object */ = {
			isa = PBXProject;
			attributes = {
				BuildIndependentTargetsInParallel = 1;
				LastSwiftUpdateCheck = 1430;
				LastUpgradeCheck = 1430;
				TargetAttributes = {
					BD387FC82A44C01C006F2883 = {
						CreatedOnToolsVersion = 14.3.1;
					};
					BD387FD82A44C01E006F2883 = {
						CreatedOnToolsVersion = 14.3.1;
						TestTargetID = BD387FC82A44C01C006F2883;
					};
					BD387FE22A44C01E006F2883 = {
						CreatedOnToolsVersion = 14.3.1;
						TestTargetID = BD387FC82A44C01C006F2883;
					};
				};
			};
			buildConfigurationList = BD387FC42A44C01C006F2883 /* Build configuration list for PBXProject "kwkaboutme" */;
			compatibilityVersion = "Xcode 14.0";
			developmentRegion = en;
			hasScannedForEncodings = 0;
			knownRegions = (
				en,
				Base,
			);
			mainGroup = BD387FC02A44C01C006F2883;
			productRefGroup = BD387FCA2A44C01C006F2883 /* Products */;
			projectDirPath = "";
			projectRoot = "";
			targets = (
				BD387FC82A44C01C006F2883 /* kwkaboutme */,
				BD387FD82A44C01E006F2883 /* kwkaboutmeTests */,
				BD387FE22A44C01E006F2883 /* kwkaboutmeUITests */,
			);
		};
/* End PBXProject section */

/* Begin PBXResourcesBuildPhase section */
		BD387FC72A44C01C006F2883 /* Resources */ = {
			isa = PBXResourcesBuildPhase;
			buildActionMask = 2147483647;
			files = (
				BD387FD42A44C01E006F2883 /* Preview Assets.xcassets in Resources */,
				BD387FD12A44C01E006F2883 /* Assets.xcassets in Resources */,
			);
			runOnlyForDeploymentPostprocessing = 0;
		};
		BD387FD72A44C01E006F2883 /* Resources */ = {
			isa = PBXResourcesBuildPhase;
			buildActionMask = 2147483647;
			files = (
			);
			runOnlyForDeploymentPostprocessing = 0;
		};
		BD387FE12A44C01E006F2883 /* Resources */ = {
			isa = PBXResourcesBuildPhase;
			buildActionMask = 2147483647;
			files = (
			);
			runOnlyForDeploymentPostprocessing = 0;
		};
/* End PBXResourcesBuildPhase section */

/* Begin PBXSourcesBuildPhase section */
		BD387FC52A44C01C006F2883 /* Sources */ = {
			isa = PBXSourcesBuildPhase;
			buildActionMask = 2147483647;
			files = (
				BD387FCF2A44C01C006F2883 /* ContentView.swift in Sources */,
				BD387FCD2A44C01C006F2883 /* kwkaboutmeApp.swift in Sources */,
			);
			runOnlyForDeploymentPostprocessing = 0;
		};
		BD387FD52A44C01E006F2883 /* Sources */ = {
			isa = PBXSourcesBuildPhase;
			buildActionMask = 2147483647;
			files = (
				BD387FDE2A44C01E006F2883 /* kwkaboutmeTests.swift in Sources */,
			);
			runOnlyForDeploymentPostprocessing = 0;
		};
		BD387FDF2A44C01E006F2883 /* Sources */ = {
			isa = PBXSourcesBuildPhase;
			buildActionMask = 2147483647;
			files = (
				BD387FEA2A44C01E006F2883 /* kwkaboutmeUITestsLaunchTests.swift in Sources */,
				BD387FE82A44C01E006F2883 /* kwkaboutmeUITests.swift in Sources */,
			);
			runOnlyForDeploymentPostprocessing = 0;
		};
/* End PBXSourcesBuildPhase section */

/* Begin PBXTargetDependency section */
		BD387FDB2A44C01E006F2883 /* PBXTargetDependency */ = {
			isa = PBXTargetDependency;
			target = BD387FC82A44C01C006F2883 /* kwkaboutme */;
			targetProxy = BD387FDA2A44C01E006F2883 /* PBXContainerItemProxy */;
		};
		BD387FE52A44C01E006F2883 /* PBXTargetDependency */ = {
			isa = PBXTargetDependency;
			target = BD387FC82A44C01C006F2883 /* kwkaboutme */;
			targetProxy = BD387FE42A44C01E006F2883 /* PBXContainerItemProxy */;
		};
/* End PBXTargetDependency section */

/* Begin XCBuildConfiguration section */
		BD387FEB2A44C01E006F2883 /* Debug */ = {
			isa = XCBuildConfiguration;
			buildSettings = {
				ALWAYS_SEARCH_USER_PATHS = NO;
				CLANG_ANALYZER_NONNULL = YES;
				CLANG_ANALYZER_NUMBER_OBJECT_CONVERSION = YES_AGGRESSIVE;
				CLANG_CXX_LANGUAGE_STANDARD = "gnu++20";
				CLANG_ENABLE_MODULES = YES;
				CLANG_ENABLE_OBJC_ARC = YES;
				CLANG_ENABLE_OBJC_WEAK = YES;
				CLANG_WARN_BLOCK_CAPTURE_AUTORELEASING = YES;
				CLANG_WARN_BOOL_CONVERSION = YES;
				CLANG_WARN_COMMA = YES;
				CLANG_WARN_CONSTANT_CONVERSION = YES;
				CLANG_WARN_DEPRECATED_OBJC_IMPLEMENTATIONS = YES;
				CLANG_WARN_DIRECT_OBJC_ISA_USAGE = YES_ERROR;
				CLANG_WARN_DOCUMENTATION_COMMENTS = YES;
				CLANG_WARN_EMPTY_BODY = YES;
				CLANG_WARN_ENUM_CONVERSION = YES;
				CLANG_WARN_INFINITE_RECURSION = YES;
				CLANG_WARN_INT_CONVERSION = YES;
				CLANG_WARN_NON_LITERAL_NULL_CONVERSION = YES;
				CLANG_WARN_OBJC_IMPLICIT_RETAIN_SELF = YES;
				CLANG_WARN_OBJC_LITERAL_CONVERSION = YES;
				CLANG_WARN_OBJC_ROOT_CLASS = YES_ERROR;
				CLANG_WARN_QUOTED_INCLUDE_IN_FRAMEWORK_HEADER = YES;
				CLANG_WARN_RANGE_LOOP_ANALYSIS = YES;
				CLANG_WARN_STRICT_PROTOTYPES = YES;
				CLANG_WARN_SUSPICIOUS_MOVE = YES;
				CLANG_WARN_UNGUARDED_AVAILABILITY = YES_AGGRESSIVE;
				CLANG_WARN_UNREACHABLE_CODE = YES;
				CLANG_WARN__DUPLICATE_METHOD_MATCH = YES;
				COPY_PHASE_STRIP = NO;
				DEBUG_INFORMATION_FORMAT = dwarf;
				ENABLE_STRICT_OBJC_MSGSEND = YES;
				ENABLE_TESTABILITY = YES;
				GCC_C_LANGUAGE_STANDARD = gnu11;
				GCC_DYNAMIC_NO_PIC = NO;
				GCC_NO_COMMON_BLOCKS = YES;
				GCC_OPTIMIZATION_LEVEL = 0;
				GCC_PREPROCESSOR_DEFINITIONS = (
					"DEBUG=1",
					"$(inherited)",
				);
				GCC_WARN_64_TO_32_BIT_CONVERSION = YES;
				GCC_WARN_ABOUT_RETURN_TYPE = YES_ERROR;
				GCC_WARN_UNDECLARED_SELECTOR = YES;
				GCC_WARN_UNINITIALIZED_AUTOS = YES_AGGRESSIVE;
				GCC_WARN_UNUSED_FUNCTION = YES;
				GCC_WARN_UNUSED_VARIABLE = YES;
				IPHONEOS_DEPLOYMENT_TARGET = 16.4;
				MTL_ENABLE_DEBUG_INFO = INCLUDE_SOURCE;
				MTL_FAST_MATH = YES;
				ONLY_ACTIVE_ARCH = YES;
				SDKROOT = iphoneos;
				SWIFT_ACTIVE_COMPILATION_CONDITIONS = DEBUG;
				SWIFT_OPTIMIZATION_LEVEL = "-Onone";
			};
			name = Debug;
		};
		BD387FEC2A44C01E006F2883 /* Release */ = {
			isa = XCBuildConfiguration;
			buildSettings = {
				ALWAYS_SEARCH_USER_PATHS = NO;
				CLANG_ANALYZER_NONNULL = YES;
				CLANG_ANALYZER_NUMBER_OBJECT_CONVERSION = YES_AGGRESSIVE;
				CLANG_CXX_LANGUAGE_STANDARD = "gnu++20";
				CLANG_ENABLE_MODULES = YES;
				CLANG_ENABLE_OBJC_ARC = YES;
				CLANG_ENABLE_OBJC_WEAK = YES;
				CLANG_WARN_BLOCK_CAPTURE_AUTORELEASING = YES;
				CLANG_WARN_BOOL_CONVERSION = YES;
				CLANG_WARN_COMMA = YES;
				CLANG_WARN_CONSTANT_CONVERSION = YES;
				CLANG_WARN_DEPRECATED_OBJC_IMPLEMENTATIONS = YES;
				CLANG_WARN_DIRECT_OBJC_ISA_USAGE = YES_ERROR;
				CLANG_WARN_DOCUMENTATION_COMMENTS = YES;
				CLANG_WARN_EMPTY_BODY = YES;
				CLANG_WARN_ENUM_CONVERSION = YES;
				CLANG_WARN_INFINITE_RECURSION = YES;
				CLANG_WARN_INT_CONVERSION = YES;
				CLANG_WARN_NON_LITERAL_NULL_CONVERSION = YES;
				CLANG_WARN_OBJC_IMPLICIT_RETAIN_SELF = YES;
				CLANG_WARN_OBJC_LITERAL_CONVERSION = YES;
				CLANG_WARN_OBJC_ROOT_CLASS = YES_ERROR;
				CLANG_WARN_QUOTED_INCLUDE_IN_FRAMEWORK_HEADER = YES;
				CLANG_WARN_RANGE_LOOP_ANALYSIS = YES;
				CLANG_WARN_STRICT_PROTOTYPES = YES;
				CLANG_WARN_SUSPICIOUS_MOVE = YES;
				CLANG_WARN_UNGUARDED_AVAILABILITY = YES_AGGRESSIVE;
				CLANG_WARN_UNREACHABLE_CODE = YES;
				CLANG_WARN__DUPLICATE_METHOD_MATCH = YES;
				COPY_PHASE_STRIP = NO;
				DEBUG_INFORMATION_FORMAT = "dwarf-with-dsym";
				ENABLE_NS_ASSERTIONS = NO;
				ENABLE_STRICT_OBJC_MSGSEND = YES;
				GCC_C_LANGUAGE_STANDARD = gnu11;
				GCC_NO_COMMON_BLOCKS = YES;
				GCC_WARN_64_TO_32_BIT_CONVERSION = YES;
				GCC_WARN_ABOUT_RETURN_TYPE = YES_ERROR;
				GCC_WARN_UNDECLARED_SELECTOR = YES;
				GCC_WARN_UNINITIALIZED_AUTOS = YES_AGGRESSIVE;
				GCC_WARN_UNUSED_FUNCTION = YES;
				GCC_WARN_UNUSED_VARIABLE = YES;
				IPHONEOS_DEPLOYMENT_TARGET = 16.4;
				MTL_ENABLE_DEBUG_INFO = NO;
				MTL_FAST_MATH = YES;
				SDKROOT = iphoneos;
				SWIFT_COMPILATION_MODE = wholemodule;
				SWIFT_OPTIMIZATION_LEVEL = "-O";
				VALIDATE_PRODUCT = YES;
			};
			name = Release;
		};
		BD387FEE2A44C01E006F2883 /* Debug */ = {
			isa = XCBuildConfiguration;
			buildSettings = {
				ASSETCATALOG_COMPILER_APPICON_NAME = AppIcon;
				ASSETCATALOG_COMPILER_GLOBAL_ACCENT_COLOR_NAME = AccentColor;
				CODE_SIGN_STYLE = Automatic;
				CURRENT_PROJECT_VERSION = 1;
				DEVELOPMENT_ASSET_PATHS = "\"kwkaboutme/Preview Content\"";
				ENABLE_PREVIEWS = YES;
				GENERATE_INFOPLIST_FILE = YES;
				INFOPLIST_KEY_UIApplicationSceneManifest_Generation = YES;
				INFOPLIST_KEY_UIApplicationSupportsIndirectInputEvents = YES;
				INFOPLIST_KEY_UILaunchScreen_Generation = YES;
				INFOPLIST_KEY_UISupportedInterfaceOrientations_iPad = "UIInterfaceOrientationPortrait UIInterfaceOrientationPortraitUpsideDown UIInterfaceOrientationLandscapeLeft UIInterfaceOrientationLandscapeRight";
				INFOPLIST_KEY_UISupportedInterfaceOrientations_iPhone = "UIInterfaceOrientationPortrait UIInterfaceOrientationLandscapeLeft UIInterfaceOrientationLandscapeRight";
				LD_RUNPATH_SEARCH_PATHS = (
					"$(inherited)",
					"@executable_path/Frameworks",
				);
				MARKETING_VERSION = 1.0;
				PRODUCT_BUNDLE_IDENTIFIER = kwk.kwkaboutme;
				PRODUCT_NAME = "$(TARGET_NAME)";
				SWIFT_EMIT_LOC_STRINGS = YES;
				SWIFT_VERSION = 5.0;
				TARGETED_DEVICE_FAMILY = "1,2";
			};
			name = Debug;
		};
		BD387FEF2A44C01E006F2883 /* Release */ = {
			isa = XCBuildConfiguration;
			buildSettings = {
				ASSETCATALOG_COMPILER_APPICON_NAME = AppIcon;
				ASSETCATALOG_COMPILER_GLOBAL_ACCENT_COLOR_NAME = AccentColor;
				CODE_SIGN_STYLE = Automatic;
				CURRENT_PROJECT_VERSION = 1;
				DEVELOPMENT_ASSET_PATHS = "\"kwkaboutme/Preview Content\"";
				ENABLE_PREVIEWS = YES;
				GENERATE_INFOPLIST_FILE = YES;
				INFOPLIST_KEY_UIApplicationSceneManifest_Generation = YES;
				INFOPLIST_KEY_UIApplicationSupportsIndirectInputEvents = YES;
				INFOPLIST_KEY_UILaunchScreen_Generation = YES;
				INFOPLIST_KEY_UISupportedInterfaceOrientations_iPad = "UIInterfaceOrientationPortrait UIInterfaceOrientationPortraitUpsideDown UIInterfaceOrientationLandscapeLeft UIInterfaceOrientationLandscapeRight";
				INFOPLIST_KEY_UISupportedInterfaceOrientations_iPhone = "UIInterfaceOrientationPortrait UIInterfaceOrientationLandscapeLeft UIInterfaceOrientationLandscapeRight";
				LD_RUNPATH_SEARCH_PATHS = (
					"$(inherited)",
					"@executable_path/Frameworks",
				);
				MARKETING_VERSION = 1.0;
				PRODUCT_BUNDLE_IDENTIFIER = kwk.kwkaboutme;
				PRODUCT_NAME = "$(TARGET_NAME)";
				SWIFT_EMIT_LOC_STRINGS = YES;
				SWIFT_VERSION = 5.0;
				TARGETED_DEVICE_FAMILY = "1,2";
			};
			name = Release;
		};
		BD387FF12A44C01E006F2883 /* Debug */ = {
			isa = XCBuildConfiguration;
			buildSettings = {
				ALWAYS_EMBED_SWIFT_STANDARD_LIBRARIES = YES;
				BUNDLE_LOADER = "$(TEST_HOST)";
				CODE_SIGN_STYLE = Automatic;
				CURRENT_PROJECT_VERSION = 1;
				GENERATE_INFOPLIST_FILE = YES;
				IPHONEOS_DEPLOYMENT_TARGET = 16.4;
				MARKETING_VERSION = 1.0;
				PRODUCT_BUNDLE_IDENTIFIER = kwk.kwkaboutmeTests;
				PRODUCT_NAME = "$(TARGET_NAME)";
				SWIFT_EMIT_LOC_STRINGS = NO;
				SWIFT_VERSION = 5.0;
				TARGETED_DEVICE_FAMILY = "1,2";
				TEST_HOST = "$(BUILT_PRODUCTS_DIR)/kwkaboutme.app/$(BUNDLE_EXECUTABLE_FOLDER_PATH)/kwkaboutme";
			};
			name = Debug;
		};
		BD387FF22A44C01E006F2883 /* Release */ = {
			isa = XCBuildConfiguration;
			buildSettings = {
				ALWAYS_EMBED_SWIFT_STANDARD_LIBRARIES = YES;
				BUNDLE_LOADER = "$(TEST_HOST)";
				CODE_SIGN_STYLE = Automatic;
				CURRENT_PROJECT_VERSION = 1;
				GENERATE_INFOPLIST_FILE = YES;
				IPHONEOS_DEPLOYMENT_TARGET = 16.4;
				MARKETING_VERSION = 1.0;
				PRODUCT_BUNDLE_IDENTIFIER = kwk.kwkaboutmeTests;
				PRODUCT_NAME = "$(TARGET_NAME)";
				SWIFT_EMIT_LOC_STRINGS = NO;
				SWIFT_VERSION = 5.0;
				TARGETED_DEVICE_FAMILY = "1,2";
				TEST_HOST = "$(BUILT_PRODUCTS_DIR)/kwkaboutme.app/$(BUNDLE_EXECUTABLE_FOLDER_PATH)/kwkaboutme";
			};
			name = Release;
		};
		BD387FF42A44C01E006F2883 /* Debug */ = {
			isa = XCBuildConfiguration;
			buildSettings = {
				ALWAYS_EMBED_SWIFT_STANDARD_LIBRARIES = YES;
				CODE_SIGN_STYLE = Automatic;
				CURRENT_PROJECT_VERSION = 1;
				GENERATE_INFOPLIST_FILE = YES;
				MARKETING_VERSION = 1.0;
				PRODUCT_BUNDLE_IDENTIFIER = kwk.kwkaboutmeUITests;
				PRODUCT_NAME = "$(TARGET_NAME)";
				SWIFT_EMIT_LOC_STRINGS = NO;
				SWIFT_VERSION = 5.0;
				TARGETED_DEVICE_FAMILY = "1,2";
				TEST_TARGET_NAME = kwkaboutme;
			};
			name = Debug;
		};
		BD387FF52A44C01E006F2883 /* Release */ = {
			isa = XCBuildConfiguration;
			buildSettings = {
				ALWAYS_EMBED_SWIFT_STANDARD_LIBRARIES = YES;
				CODE_SIGN_STYLE = Automatic;
				CURRENT_PROJECT_VERSION = 1;
				GENERATE_INFOPLIST_FILE = YES;
				MARKETING_VERSION = 1.0;
				PRODUCT_BUNDLE_IDENTIFIER = kwk.kwkaboutmeUITests;
				PRODUCT_NAME = "$(TARGET_NAME)";
				SWIFT_EMIT_LOC_STRINGS = NO;
				SWIFT_VERSION = 5.0;
				TARGETED_DEVICE_FAMILY = "1,2";
				TEST_TARGET_NAME = kwkaboutme;
			};
			name = Release;
		};
/* End XCBuildConfiguration section */

/* Begin XCConfigurationList section */
		BD387FC42A44C01C006F2883 /* Build configuration list for PBXProject "kwkaboutme" */ = {
			isa = XCConfigurationList;
			buildConfigurations = (
				BD387FEB2A44C01E006F2883 /* Debug */,
				BD387FEC2A44C01E006F2883 /* Release */,
			);
			defaultConfigurationIsVisible = 0;
			defaultConfigurationName = Release;
		};
		BD387FED2A44C01E006F2883 /* Build configuration list for PBXNativeTarget "kwkaboutme" */ = {
			isa = XCConfigurationList;
			buildConfigurations = (
				BD387FEE2A44C01E006F2883 /* Debug */,
				BD387FEF2A44C01E006F2883 /* Release */,
			);
			defaultConfigurationIsVisible = 0;
			defaultConfigurationName = Release;
		};
		BD387FF02A44C01E006F2883 /* Build configuration list for PBXNativeTarget "kwkaboutmeTests" */ = {
			isa = XCConfigurationList;
			buildConfigurations = (
				BD387FF12A44C01E006F2883 /* Debug */,
				BD387FF22A44C01E006F2883 /* Release */,
			);
			defaultConfigurationIsVisible = 0;
			defaultConfigurationName = Release;
		};
		BD387FF32A44C01E006F2883 /* Build configuration list for PBXNativeTarget "kwkaboutmeUITests" */ = {
			isa = XCConfigurationList;
			buildConfigurations = (
				BD387FF42A44C01E006F2883 /* Debug */,
				BD387FF52A44C01E006F2883 /* Release */,
			);
			defaultConfigurationIsVisible = 0;
			defaultConfigurationName = Release;
		};
/* End XCConfigurationList section */
	};
	rootObject = BD387FC12A44C01C006F2883 /* Project object */;
}
